
Microsoft Visual Studio Solution File, Format Version 12.00
# Visual Studio Version 16
VisualStudioVersion = 16.0.29709.97
MinimumVisualStudioVersion = 10.0.40219.1
Project("{FAE04EC0-301F-11D3-BF4B-00C04F79EFBC}") = "FactoryPatternCard", "FactoryPatternCard\FactoryPatternCard.csproj", "{7949436B-A4B9-453E-A458-346879AC6024}"
EndProject
Global
	GlobalSection(SolutionConfigurationPlatforms) = preSolution
		Debug|Any CPU = Debug|Any CPU
		Release|Any CPU = Release|Any CPU
	EndGlobalSection
	GlobalSection(ProjectConfigurationPlatforms) = postSolution
		{7949436B-A4B9-453E-A458-346879AC6024}.Debug|Any CPU.ActiveCfg = Debug|Any CPU
		{7949436B-A4B9-453E-A458-346879AC6024}.Debug|Any CPU.Build.0 = Debug|Any CPU
		{7949436B-A4B9-453E-A458-346879AC6024}.Release|Any CPU.ActiveCfg = Release|Any CPU
		{7949436B-A4B9-453E-A458-346879AC6024}.Release|Any CPU.Build.0 = Release|Any CPU
	EndGlobalSection
	GlobalSection(SolutionProperties) = preSolution
		HideSolutionNode = FALSE
	EndGlobalSection
	GlobalSection(ExtensibilityGlobals) = postSolution
		SolutionGuid = {01640C26-270C-46AC-8093-25C96344F2E8}
	EndGlobalSection
EndGlobal
